// !$*UTF8*$!
{
	archiveVersion = 1;
	classes = {
	};
	objectVersion = 48;
	objects = {

/* Begin PBXBuildFile section */
		772F3E991E92331700A5A5D5 /* Insertion Sort.c in Sources */ = {isa = PBXBuildFile; fileRef = 772F3E981E92331700A5A5D5 /* Insertion Sort.c */; };
		772F3E9B1E9234B600A5A5D5 /* main.cpp in Sources */ = {isa = PBXBuildFile; fileRef = 772F3E9A1E9234B600A5A5D5 /* main.cpp */; };
/* End PBXBuildFile section */

/* Begin PBXCopyFilesBuildPhase section */
		772F3E811E92071800A5A5D5 /* CopyFiles */ = {
			isa = PBXCopyFilesBuildPhase;
			buildActionMask = 2147483647;
			dstPath = /usr/share/man/man1/;
			dstSubfolderSpec = 0;
			files = (
			);
			runOnlyForDeploymentPostprocessing = 1;
		};
/* End PBXCopyFilesBuildPhase section */

/* Begin PBXFileReference section */
		772F3E831E92071800A5A5D5 /* AlgorithmTest */ = {isa = PBXFileReference; explicitFileType = "compiled.mach-o.executable"; includeInIndex = 0; path = AlgorithmTest; sourceTree = BUILT_PRODUCTS_DIR; };
		772F3E981E92331700A5A5D5 /* Insertion Sort.c */ = {isa = PBXFileReference; fileEncoding = 4; lastKnownFileType = sourcecode.c.c; path = "Insertion Sort.c"; sourceTree = "<group>"; };
		772F3E9A1E9234B600A5A5D5 /* main.cpp */ = {isa = PBXFileReference; fileEncoding = 4; lastKnownFileType = sourcecode.cpp.cpp; path = main.cpp; sourceTree = "<group>"; };
		772F3E9C1E92356D00A5A5D5 /* Merge sort.hpp */ = {isa = PBXFileReference; fileEncoding = 4; lastKnownFileType = sourcecode.cpp.h; path = "Merge sort.hpp"; sourceTree = "<group>"; };
/* End PBXFileReference section */

/* Begin PBXFrameworksBuildPhase section */
		772F3E801E92071800A5A5D5 /* Frameworks */ = {
			isa = PBXFrameworksBuildPhase;
			buildActionMask = 2147483647;
			files = (
			);
			runOnlyForDeploymentPostprocessing = 0;
		};
/* End PBXFrameworksBuildPhase section */

/* Begin PBXGroup section */
		772F3E7A1E92071800A5A5D5 = {
			isa = PBXGroup;
			children = (
				772F3E851E92071800A5A5D5 /* AlgorithmTest */,
				772F3E841E92071800A5A5D5 /* Products */,
			);
			sourceTree = "<group>";
		};
		772F3E841E92071800A5A5D5 /* Products */ = {
			isa = PBXGroup;
			children = (
				772F3E831E92071800A5A5D5 /* AlgorithmTest */,
			);
			name = Products;
			sourceTree = "<group>";
		};
		772F3E851E92071800A5A5D5 /* AlgorithmTest */ = {
			isa = PBXGroup;
			children = (
				772F3E9A1E9234B600A5A5D5 /* main.cpp */,
				772F3E921E92235F00A5A5D5 /* Merge sort */,
				772F3E8D1E92074300A5A5D5 /* Insertion Sort */,
			);
			path = AlgorithmTest;
			sourceTree = "<group>";
		};
		772F3E8D1E92074300A5A5D5 /* Insertion Sort */ = {
			isa = PBXGroup;
			children = (
				772F3E981E92331700A5A5D5 /* Insertion Sort.c */,
			);
			name = "Insertion Sort";
			sourceTree = "<group>";
		};
		772F3E921E92235F00A5A5D5 /* Merge sort */ = {
			isa = PBXGroup;
			children = (
				772F3E9C1E92356D00A5A5D5 /* Merge sort.hpp */,
			);
			name = "Merge sort";
			sourceTree = "<group>";
		};
/* End PBXGroup section */

/* Begin PBXNativeTarget section */
		772F3E821E92071800A5A5D5 /* AlgorithmTest */ = {
			isa = PBXNativeTarget;
			buildConfigurationList = 772F3E8A1E92071800A5A5D5 /* Build configuration list for PBXNativeTarget "AlgorithmTest" */;
			buildPhases = (
				772F3E7F1E92071800A5A5D5 /* Sources */,
				772F3E801E92071800A5A5D5 /* Frameworks */,
				772F3E811E92071800A5A5D5 /* CopyFiles */,
			);
			buildRules = (
			);
			dependencies = (
			);
			name = AlgorithmTest;
			productName = AlgorithmTest;
			productReference = 772F3E831E92071800A5A5D5 /* AlgorithmTest */;
			productType = "com.apple.product-type.tool";
		};
/* End PBXNativeTarget section */

/* Begin PBXProject section */
		772F3E7B1E92071800A5A5D5 /* Project object */ = {
			isa = PBXProject;
			attributes = {
				LastUpgradeCheck = 0810;
				ORGANIZATIONNAME = "姚文杰";
				TargetAttributes = {
					772F3E821E92071800A5A5D5 = {
						CreatedOnToolsVersion = 8.1;
						ProvisioningStyle = Automatic;
					};
				};
			};
			buildConfigurationList = 772F3E7E1E92071800A5A5D5 /* Build configuration list for PBXProject "AlgorithmTest" */;
			compatibilityVersion = "Xcode 8.0";
			developmentRegion = English;
			hasScannedForEncodings = 0;
			knownRegions = (
				en,
			);
			mainGroup = 772F3E7A1E92071800A5A5D5;
			productRefGroup = 772F3E841E92071800A5A5D5 /* Products */;
			projectDirPath = "";
			projectRoot = "";
			targets = (
				772F3E821E92071800A5A5D5 /* AlgorithmTest */,
			);
		};
/* End PBXProject section */

/* Begin PBXSourcesBuildPhase section */
		772F3E7F1E92071800A5A5D5 /* Sources */ = {
			isa = PBXSourcesBuildPhase;
			buildActionMask = 2147483647;
			files = (
				772F3E991E92331700A5A5D5 /* Insertion Sort.c in Sources */,
				772F3E9B1E9234B600A5A5D5 /* main.cpp in Sources */,
			);
			runOnlyForDeploymentPostprocessing = 0;
		};
/* End PBXSourcesBuildPhase section */

/* Begin XCBuildConfiguration section */
		772F3E881E92071800A5A5D5 /* Debug */ = {
			isa = XCBuildConfiguration;
			buildSettings = {
				ALWAYS_SEARCH_USER_PATHS = NO;
				CLANG_ANALYZER_NONNULL = YES;
				CLANG_CXX_LANGUAGE_STANDARD = "gnu++0x";
				CLANG_CXX_LIBRARY = "libc++";
				CLANG_ENABLE_MODULES = YES;
				CLANG_ENABLE_OBJC_ARC = YES;
				CLANG_WARN_BOOL_CONVERSION = YES;
				CLANG_WARN_CONSTANT_CONVERSION = YES;
				CLANG_WARN_DIRECT_OBJC_ISA_USAGE = YES_ERROR;
				CLANG_WARN_DOCUMENTATION_COMMENTS = YES;
				CLANG_WARN_EMPTY_BODY = YES;
				CLANG_WARN_ENUM_CONVERSION = YES;
				CLANG_WARN_INFINITE_RECURSION = YES;
				CLANG_WARN_INT_CONVERSION = YES;
				CLANG_WARN_OBJC_ROOT_CLASS = YES_ERROR;
				CLANG_WARN_SUSPICIOUS_MOVES = YES;
				CLANG_WARN_UNREACHABLE_CODE = YES;
				CLANG_WARN__DUPLICATE_METHOD_MATCH = YES;
				CODE_SIGN_IDENTITY = "-";
				COPY_PHASE_STRIP = NO;
				DEBUG_INFORMATION_FORMAT = dwarf;
				ENABLE_STRICT_OBJC_MSGSEND = YES;
				ENABLE_TESTABILITY = YES;
				GCC_C_LANGUAGE_STANDARD = gnu99;
				GCC_DYNAMIC_NO_PIC = NO;
				GCC_NO_COMMON_BLOCKS = YES;
				GCC_OPTIMIZATION_LEVEL = 0;
				GCC_PREPROCESSOR_DEFINITIONS = (
					"DEBUG=1",
					"$(inherited)",
				);
				GCC_WARN_64_TO_32_BIT_CONVERSION = YES;
				GCC_WARN_ABOUT_RETURN_TYPE = YES_ERROR;
				GCC_WARN_UNDECLARED_SELECTOR = YES;
				GCC_WARN_UNINITIALIZED_AUTOS = YES_AGGRESSIVE;
				GCC_WARN_UNUSED_FUNCTION = YES;
				GCC_WARN_UNUSED_VARIABLE = YES;
				MACOSX_DEPLOYMENT_TARGET = 10.12;
				MTL_ENABLE_DEBUG_INFO = YES;
				ONLY_ACTIVE_ARCH = YES;
				SDKROOT = macosx;
			};
			name = Debug;
		};
		772F3E891E92071800A5A5D5 /* Release */ = {
			isa = XCBuildConfiguration;
			buildSettings = {
				ALWAYS_SEARCH_USER_PATHS = NO;
				CLANG_ANALYZER_NONNULL = YES;
				CLANG_CXX_LANGUAGE_STANDARD = "gnu++0x";
				CLANG_CXX_LIBRARY = "libc++";
				CLANG_ENABLE_MODULES = YES;
				CLANG_ENABLE_OBJC_ARC = YES;
				CLANG_WARN_BOOL_CONVERSION = YES;
				CLANG_WARN_CONSTANT_CONVERSION = YES;
				CLANG_WARN_DIRECT_OBJC_ISA_USAGE = YES_ERROR;
				CLANG_WARN_DOCUMENTATION_COMMENTS = YES;
				CLANG_WARN_EMPTY_BODY = YES;
				CLANG_WARN_ENUM_CONVERSION = YES;
				CLANG_WARN_INFINITE_RECURSION = YES;
				CLANG_WARN_INT_CONVERSION = YES;
				CLANG_WARN_OBJC_ROOT_CLASS = YES_ERROR;
				CLANG_WARN_SUSPICIOUS_MOVES = YES;
				CLANG_WARN_UNREACHABLE_CODE = YES;
				CLANG_WARN__DUPLICATE_METHOD_MATCH = YES;
				CODE_SIGN_IDENTITY = "-";
				COPY_PHASE_STRIP = NO;
				DEBUG_INFORMATION_FORMAT = "dwarf-with-dsym";
				ENABLE_NS_ASSERTIONS = NO;
				ENABLE_STRICT_OBJC_MSGSEND = YES;
				GCC_C_LANGUAGE_STANDARD = gnu99;
				GCC_NO_COMMON_BLOCKS = YES;
				GCC_WARN_64_TO_32_BIT_CONVERSION = YES;
				GCC_WARN_ABOUT_RETURN_TYPE = YES_ERROR;
				GCC_WARN_UNDECLARED_SELECTOR = YES;
				GCC_WARN_UNINITIALIZED_AUTOS = YES_AGGRESSIVE;
				GCC_WARN_UNUSED_FUNCTION = YES;
				GCC_WARN_UNUSED_VARIABLE = YES;
				MACOSX_DEPLOYMENT_TARGET = 10.12;
				MTL_ENABLE_DEBUG_INFO = NO;
				SDKROOT = macosx;
			};
			name = Release;
		};
		772F3E8B1E92071800A5A5D5 /* Debug */ = {
			isa = XCBuildConfiguration;
			buildSettings = {
				PRODUCT_NAME = "$(TARGET_NAME)";
			};
			name = Debug;
		};
		772F3E8C1E92071800A5A5D5 /* Release */ = {
			isa = XCBuildConfiguration;
			buildSettings = {
				PRODUCT_NAME = "$(TARGET_NAME)";
			};
			name = Release;
		};
/* End XCBuildConfiguration section */

/* Begin XCConfigurationList section */
		772F3E7E1E92071800A5A5D5 /* Build configuration list for PBXProject "AlgorithmTest" */ = {
			isa = XCConfigurationList;
			buildConfigurations = (
				772F3E881E92071800A5A5D5 /* Debug */,
				772F3E891E92071800A5A5D5 /* Release */,
			);
			defaultConfigurationIsVisible = 0;
			defaultConfigurationName = Release;
		};
		772F3E8A1E92071800A5A5D5 /* Build configuration list for PBXNativeTarget "AlgorithmTest" */ = {
			isa = XCConfigurationList;
			buildConfigurations = (
				772F3E8B1E92071800A5A5D5 /* Debug */,
				772F3E8C1E92071800A5A5D5 /* Release */,
			);
			defaultConfigurationIsVisible = 0;
			defaultConfigurationName = Release;
		};
/* End XCConfigurationList section */
	};
	rootObject = 772F3E7B1E92071800A5A5D5 /* Project object */;
}
